{
    "_readme": [
        "This file locks the dependencies of your project to a known state",
        "Read more about it at https://getcomposer.org/doc/01-basic-usage.md#installing-dependencies",
        "This file is @generated automatically"
    ],
    "content-hash": "2234d37861c93f2de526d8f0e2551500",
    "packages": [
        {
            "name": "automattic/woocommerce",
            "version": "2.0.1",
            "source": {
                "type": "git",
                "url": "https://github.com/woocommerce/wc-api-php.git",
                "reference": "2b70becbe2da051853d27aa2ee23cf126bcc96c5"
            },
            "dist": {
                "type": "zip",
                "url": "https://api.github.com/repos/woocommerce/wc-api-php/zipball/2b70becbe2da051853d27aa2ee23cf126bcc96c5",
                "reference": "2b70becbe2da051853d27aa2ee23cf126bcc96c5",
                "shasum": ""
            },
            "require": {
                "ext-curl": "*",
                "ext-json": "*",
                "php": ">= 5.4.0"
            },
            "require-dev": {
                "phpunit/phpunit": "*",
                "squizlabs/php_codesniffer": "3.*"
            },
            "type": "library",
            "autoload": {
                "psr-4": {
                    "Automattic\\WooCommerce\\": [
                        "src/WooCommerce"
                    ]
                }
            },
            "notification-url": "https://packagist.org/downloads/",
            "license": [
                "MIT"
            ],
            "authors": [
                {
                    "name": "Claudio Sanches",
                    "email": "claudio.sanches@automattic.com"
                }
            ],
            "description": "A PHP wrapper for the WooCommerce REST API",
            "keywords": [
                "api",
                "woocommerce"
            ],
            "time": "2018-03-29T18:43:43+00:00"
        },
        {
            "name": "cakephp/cache",
            "version": "3.6.12",
            "source": {
                "type": "git",
                "url": "https://github.com/cakephp/cache.git",
                "reference": "5941977c584843b9ddb32ec864a9483fbef88d52"
            },
            "dist": {
                "type": "zip",
                "url": "https://api.github.com/repos/cakephp/cache/zipball/5941977c584843b9ddb32ec864a9483fbef88d52",
                "reference": "5941977c584843b9ddb32ec864a9483fbef88d52",
                "shasum": ""
            },
            "require": {
                "cakephp/core": "^3.6.0",
                "php": ">=5.6.0"
            },
            "type": "library",
            "autoload": {
                "psr-4": {
                    "Cake\\Cache\\": "."
                }
            },
            "notification-url": "https://packagist.org/downloads/",
            "license": [
                "MIT"
            ],
            "authors": [
                {
                    "name": "CakePHP Community",
                    "homepage": "https://github.com/cakephp/cache/graphs/contributors"
                }
            ],
            "description": "Easy to use Caching library with support for multiple caching backends",
            "homepage": "https://cakephp.org",
            "keywords": [
                "cache",
                "caching",
                "cakephp"
            ],
            "time": "2018-09-01T17:00:52+00:00"
        },
        {
            "name": "cakephp/core",
            "version": "3.6.12",
            "source": {
                "type": "git",
                "url": "https://github.com/cakephp/core.git",
                "reference": "82741aeb90ca2fbbf9fbbd507d56d53b081db237"
            },
            "dist": {
                "type": "zip",
                "url": "https://api.github.com/repos/cakephp/core/zipball/82741aeb90ca2fbbf9fbbd507d56d53b081db237",
                "reference": "82741aeb90ca2fbbf9fbbd507d56d53b081db237",
                "shasum": ""
            },
            "require": {
                "cakephp/utility": "^3.6.0",
                "php": ">=5.6.0"
            },
            "suggest": {
                "cakephp/event": "To use PluginApplicationInterface or plugin applications."
            },
            "type": "library",
            "autoload": {
                "psr-4": {
                    "Cake\\Core\\": "."
                },
                "files": [
                    "functions.php"
                ]
            },
            "notification-url": "https://packagist.org/downloads/",
            "license": [
                "MIT"
            ],
            "authors": [
                {
                    "name": "CakePHP Community",
                    "homepage": "https://github.com/cakephp/core/graphs/contributors"
                }
            ],
            "description": "CakePHP Framework Core classes",
            "homepage": "https://cakephp.org",
            "keywords": [
                "cakephp",
                "core",
                "framework"
            ],
            "time": "2018-07-26T19:56:06+00:00"
        },
        {
            "name": "cakephp/database",
            "version": "3.6.12",
            "source": {
                "type": "git",
                "url": "https://github.com/cakephp/database.git",
                "reference": "1494d12bc2b42cb1e844936cbbdd686a5e36235d"
            },
            "dist": {
                "type": "zip",
                "url": "https://api.github.com/repos/cakephp/database/zipball/1494d12bc2b42cb1e844936cbbdd686a5e36235d",
                "reference": "1494d12bc2b42cb1e844936cbbdd686a5e36235d",
                "shasum": ""
            },
            "require": {
                "cakephp/cache": "^3.6.0",
                "cakephp/core": "^3.6.0",
                "cakephp/datasource": "^3.6.0",
                "php": ">=5.6.0"
            },
            "suggest": {
                "cakephp/log": "Require this if you want to use the built-in query logger"
            },
            "type": "library",
            "autoload": {
                "psr-4": {
                    "Cake\\Database\\": "."
                }
            },
            "notification-url": "https://packagist.org/downloads/",
            "license": [
                "MIT"
            ],
            "authors": [
                {
                    "name": "CakePHP Community",
                    "homepage": "https://github.com/cakephp/database/graphs/contributors"
                }
            ],
            "description": "Flexible and powerful Database abstraction library with a familiar PDO-like API",
            "homepage": "https://cakephp.org",
            "keywords": [
                "abstraction",
                "cakephp",
                "database",
                "database abstraction",
                "pdo"
            ],
            "time": "2018-09-28T10:56:48+00:00"
        },
        {
            "name": "cakephp/datasource",
            "version": "3.6.12",
            "source": {
                "type": "git",
                "url": "https://github.com/cakephp/datasource.git",
                "reference": "44222238fa97e32d39e48bb2add4933ccffbd896"
            },
            "dist": {
                "type": "zip",
                "url": "https://api.github.com/repos/cakephp/datasource/zipball/44222238fa97e32d39e48bb2add4933ccffbd896",
                "reference": "44222238fa97e32d39e48bb2add4933ccffbd896",
                "shasum": ""
            },
            "require": {
                "cakephp/core": "^3.6.0",
                "php": ">=5.6.0"
            },
            "suggest": {
                "cakephp/cache": "If you decide to use Query caching.",
                "cakephp/collection": "If you decide to use ResultSetInterface.",
                "cakephp/utility": "If you decide to use EntityTrait."
            },
            "type": "library",
            "autoload": {
                "psr-4": {
                    "Cake\\Datasource\\": "."
                }
            },
            "notification-url": "https://packagist.org/downloads/",
            "license": [
                "MIT"
            ],
            "authors": [
                {
                    "name": "CakePHP Community",
                    "homepage": "https://github.com/cakephp/datasource/graphs/contributors"
                }
            ],
            "description": "Provides connection managing and traits for Entities and Queries that can be reused for different datastores",
            "homepage": "https://cakephp.org",
            "keywords": [
                "cakephp",
                "connection management",
                "datasource",
                "entity",
                "query"
            ],
            "time": "2018-09-28T10:56:48+00:00"
        },
        {
            "name": "cakephp/utility",
            "version": "3.6.12",
            "source": {
                "type": "git",
                "url": "https://github.com/cakephp/utility.git",
                "reference": "14b61586db830a84aedadd57be2825f40cc29e09"
            },
            "dist": {
                "type": "zip",
                "url": "https://api.github.com/repos/cakephp/utility/zipball/14b61586db830a84aedadd57be2825f40cc29e09",
                "reference": "14b61586db830a84aedadd57be2825f40cc29e09",
                "shasum": ""
            },
            "require": {
                "cakephp/core": "^3.6.0",
                "php": ">=5.6.0"
            },
            "suggest": {
                "ext-intl": "To use Text::transliterate() or Text::slug()",
                "lib-ICU": "To use Text::transliterate() or Text::slug()"
            },
            "type": "library",
            "autoload": {
                "psr-4": {
                    "Cake\\Utility\\": "."
                },
                "files": [
                    "bootstrap.php"
                ]
            },
            "notification-url": "https://packagist.org/downloads/",
            "license": [
                "MIT"
            ],
            "authors": [
                {
                    "name": "CakePHP Community",
                    "homepage": "https://github.com/cakephp/utility/graphs/contributors"
                }
            ],
            "description": "CakePHP Utility classes such as Inflector, String, Hash, and Security",
            "homepage": "https://cakephp.org",
            "keywords": [
                "cakephp",
                "hash",
                "inflector",
                "security",
                "string",
                "utility"
            ],
            "time": "2018-09-05T00:44:03+00:00"
        }
    ],
    "packages-dev": [],
    "aliases": [],
    "minimum-stability": "stable",
    "stability-flags": [],
    "prefer-stable": false,
    "prefer-lowest": false,
    "platform": [],
    "platform-dev": []
}
